
Microsoft Visual Studio Solution File, Format Version 12.00
# Visual Studio Version 16
VisualStudioVersion = 16.0.30611.23
MinimumVisualStudioVersion = 10.0.40219.1
Project("{FAE04EC0-301F-11D3-BF4B-00C04F79EFBC}") = "Program3", "Program3\Program3.csproj", "{FD006A6A-6284-416C-BC85-5634E4FDFBE5}"
EndProject
Global
	GlobalSection(SolutionConfigurationPlatforms) = preSolution
		Debug|Any CPU = Debug|Any CPU
		Release|Any CPU = Release|Any CPU
	EndGlobalSection
	GlobalSection(ProjectConfigurationPlatforms) = postSolution
		{FD006A6A-6284-416C-BC85-5634E4FDFBE5}.Debug|Any CPU.ActiveCfg = Debug|Any CPU
		{FD006A6A-6284-416C-BC85-5634E4FDFBE5}.Debug|Any CPU.Build.0 = Debug|Any CPU
		{FD006A6A-6284-416C-BC85-5634E4FDFBE5}.Release|Any CPU.ActiveCfg = Release|Any CPU
		{FD006A6A-6284-416C-BC85-5634E4FDFBE5}.Release|Any CPU.Build.0 = Release|Any CPU
	EndGlobalSection
	GlobalSection(SolutionProperties) = preSolution
		HideSolutionNode = FALSE
	EndGlobalSection
	GlobalSection(ExtensibilityGlobals) = postSolution
		SolutionGuid = {4B23BAC3-8705-4E4B-915F-4DE15A848CF7}
	EndGlobalSection
EndGlobal
